
Microsoft Visual Studio Solution File, Format Version 12.00
# Visual Studio Version 17
VisualStudioVersion = 17.1.32414.318
MinimumVisualStudioVersion = 10.0.40219.1
Project("{9A19103F-16F7-4668-BE54-9A1E7A4F7556}") = "ScratchyDisk.DmnEngine", "ScratchyDisk.DmnEngine\ScratchyDisk.DmnEngine.csproj", "{4D65B9DB-D3B1-4263-9210-A3C51EEBA062}"
EndProject
Project("{2150E333-8FDC-42A3-9474-1A3956D46DE8}") = "Solution Items", "Solution Items", "{2EAF971C-042D-428B-B700-12AA69D7C90A}"
	ProjectSection(SolutionItems) = preProject
		.gitignore.bak = .gitignore.bak
		changelog.md = changelog.md
		Directory.Build.props = Directory.Build.props
		Directory.Build.targets = Directory.Build.targets
		license.txt = license.txt
		nuget.md = nuget.md
		readme.md = readme.md
		release.chklist = release.chklist
		Version.props = Version.props
	EndProjectSection
EndProject
Project("{9A19103F-16F7-4668-BE54-9A1E7A4F7556}") = "ScratchyDisk.DmnEngine.Tests", "ScratchyDisk.DmnEngine.Tests\ScratchyDisk.DmnEngine.Tests.csproj", "{B2F83E54-6D3A-4B5E-8012-3F2A1C4E7D90}"
EndProject
Project("{FAE04EC0-301F-11D3-BF4B-00C04F79EFBC}") = "ScratchyDisk.DmnEngine.Cli", "ScratchyDisk.DmnEngine.Cli\ScratchyDisk.DmnEngine.Cli.csproj", "{2E5C6D91-78A5-40AA-85E7-EA0DDAD4F16D}"
EndProject
Project("{FAE04EC0-301F-11D3-BF4B-00C04F79EFBC}") = "ScratchyDisk.DmnEngine.Testbed", "ScratchyDisk.DmnEngine.Testbed\ScratchyDisk.DmnEngine.Testbed.csproj", "{7E96BEE7-FD99-4EC3-AAB0-982556E39A2B}"
EndProject
Global
	GlobalSection(SolutionConfigurationPlatforms) = preSolution
		Debug|Any CPU = Debug|Any CPU
		Debug|x64 = Debug|x64
		Debug|x86 = Debug|x86
		Release|Any CPU = Release|Any CPU
		Release|x64 = Release|x64
		Release|x86 = Release|x86
	EndGlobalSection
	GlobalSection(ProjectConfigurationPlatforms) = postSolution
		{4D65B9DB-D3B1-4263-9210-A3C51EEBA062}.Debug|Any CPU.ActiveCfg = Debug|Any CPU
		{4D65B9DB-D3B1-4263-9210-A3C51EEBA062}.Debug|Any CPU.Build.0 = Debug|Any CPU
		{4D65B9DB-D3B1-4263-9210-A3C51EEBA062}.Debug|x64.ActiveCfg = Debug|Any CPU
		{4D65B9DB-D3B1-4263-9210-A3C51EEBA062}.Debug|x64.Build.0 = Debug|Any CPU
		{4D65B9DB-D3B1-4263-9210-A3C51EEBA062}.Debug|x86.ActiveCfg = Debug|Any CPU
		{4D65B9DB-D3B1-4263-9210-A3C51EEBA062}.Debug|x86.Build.0 = Debug|Any CPU
		{4D65B9DB-D3B1-4263-9210-A3C51EEBA062}.Release|Any CPU.ActiveCfg = Release|Any CPU
		{4D65B9DB-D3B1-4263-9210-A3C51EEBA062}.Release|Any CPU.Build.0 = Release|Any CPU
		{4D65B9DB-D3B1-4263-9210-A3C51EEBA062}.Release|x64.ActiveCfg = Release|Any CPU
		{4D65B9DB-D3B1-4263-9210-A3C51EEBA062}.Release|x64.Build.0 = Release|Any CPU
		{4D65B9DB-D3B1-4263-9210-A3C51EEBA062}.Release|x86.ActiveCfg = Release|Any CPU
		{4D65B9DB-D3B1-4263-9210-A3C51EEBA062}.Release|x86.Build.0 = Release|Any CPU
		{B2F83E54-6D3A-4B5E-8012-3F2A1C4E7D90}.Debug|Any CPU.ActiveCfg = Debug|Any CPU
		{B2F83E54-6D3A-4B5E-8012-3F2A1C4E7D90}.Debug|Any CPU.Build.0 = Debug|Any CPU
		{B2F83E54-6D3A-4B5E-8012-3F2A1C4E7D90}.Debug|x64.ActiveCfg = Debug|Any CPU
		{B2F83E54-6D3A-4B5E-8012-3F2A1C4E7D90}.Debug|x64.Build.0 = Debug|Any CPU
		{B2F83E54-6D3A-4B5E-8012-3F2A1C4E7D90}.Debug|x86.ActiveCfg = Debug|Any CPU
		{B2F83E54-6D3A-4B5E-8012-3F2A1C4E7D90}.Debug|x86.Build.0 = Debug|Any CPU
		{B2F83E54-6D3A-4B5E-8012-3F2A1C4E7D90}.Release|Any CPU.ActiveCfg = Release|Any CPU
		{B2F83E54-6D3A-4B5E-8012-3F2A1C4E7D90}.Release|Any CPU.Build.0 = Release|Any CPU
		{B2F83E54-6D3A-4B5E-8012-3F2A1C4E7D90}.Release|x64.ActiveCfg = Release|Any CPU
		{B2F83E54-6D3A-4B5E-8012-3F2A1C4E7D90}.Release|x64.Build.0 = Release|Any CPU
		{B2F83E54-6D3A-4B5E-8012-3F2A1C4E7D90}.Release|x86.ActiveCfg = Release|Any CPU
		{B2F83E54-6D3A-4B5E-8012-3F2A1C4E7D90}.Release|x86.Build.0 = Release|Any CPU
		{2E5C6D91-78A5-40AA-85E7-EA0DDAD4F16D}.Debug|Any CPU.ActiveCfg = Debug|Any CPU
		{2E5C6D91-78A5-40AA-85E7-EA0DDAD4F16D}.Debug|Any CPU.Build.0 = Debug|Any CPU
		{2E5C6D91-78A5-40AA-85E7-EA0DDAD4F16D}.Debug|x64.ActiveCfg = Debug|Any CPU
		{2E5C6D91-78A5-40AA-85E7-EA0DDAD4F16D}.Debug|x64.Build.0 = Debug|Any CPU
		{2E5C6D91-78A5-40AA-85E7-EA0DDAD4F16D}.Debug|x86.ActiveCfg = Debug|Any CPU
		{2E5C6D91-78A5-40AA-85E7-EA0DDAD4F16D}.Debug|x86.Build.0 = Debug|Any CPU
		{2E5C6D91-78A5-40AA-85E7-EA0DDAD4F16D}.Release|Any CPU.ActiveCfg = Release|Any CPU
		{2E5C6D91-78A5-40AA-85E7-EA0DDAD4F16D}.Release|Any CPU.Build.0 = Release|Any CPU
		{2E5C6D91-78A5-40AA-85E7-EA0DDAD4F16D}.Release|x64.ActiveCfg = Release|Any CPU
		{2E5C6D91-78A5-40AA-85E7-EA0DDAD4F16D}.Release|x64.Build.0 = Release|Any CPU
		{2E5C6D91-78A5-40AA-85E7-EA0DDAD4F16D}.Release|x86.ActiveCfg = Release|Any CPU
		{2E5C6D91-78A5-40AA-85E7-EA0DDAD4F16D}.Release|x86.Build.0 = Release|Any CPU
		{7E96BEE7-FD99-4EC3-AAB0-982556E39A2B}.Debug|Any CPU.ActiveCfg = Debug|Any CPU
		{7E96BEE7-FD99-4EC3-AAB0-982556E39A2B}.Debug|Any CPU.Build.0 = Debug|Any CPU
		{7E96BEE7-FD99-4EC3-AAB0-982556E39A2B}.Debug|x64.ActiveCfg = Debug|Any CPU
		{7E96BEE7-FD99-4EC3-AAB0-982556E39A2B}.Debug|x64.Build.0 = Debug|Any CPU
		{7E96BEE7-FD99-4EC3-AAB0-982556E39A2B}.Debug|x86.ActiveCfg = Debug|Any CPU
		{7E96BEE7-FD99-4EC3-AAB0-982556E39A2B}.Debug|x86.Build.0 = Debug|Any CPU
		{7E96BEE7-FD99-4EC3-AAB0-982556E39A2B}.Release|Any CPU.ActiveCfg = Release|Any CPU
		{7E96BEE7-FD99-4EC3-AAB0-982556E39A2B}.Release|Any CPU.Build.0 = Release|Any CPU
		{7E96BEE7-FD99-4EC3-AAB0-982556E39A2B}.Release|x64.ActiveCfg = Release|Any CPU
		{7E96BEE7-FD99-4EC3-AAB0-982556E39A2B}.Release|x64.Build.0 = Release|Any CPU
		{7E96BEE7-FD99-4EC3-AAB0-982556E39A2B}.Release|x86.ActiveCfg = Release|Any CPU
		{7E96BEE7-FD99-4EC3-AAB0-982556E39A2B}.Release|x86.Build.0 = Release|Any CPU
	EndGlobalSection
	GlobalSection(SolutionProperties) = preSolution
		HideSolutionNode = FALSE
	EndGlobalSection
	GlobalSection(ExtensibilityGlobals) = postSolution
		SolutionGuid = {201E3A67-DF16-42EF-A616-DAD5213C3B8A}
	EndGlobalSection
EndGlobal
